Microsoft Visual Studio Solution File, Format Version 11.00
# Visual Studio 2010
Project("{FAE04EC0-301F-11D3-BF4B-00C04F79EFBC}") = "Assembly-CSharp", "Assembly-CSharp.csproj", "{9FB34EF7-7666-3DE3-BDC9-51DC7A5875C1}"
EndProject
Project("{FAE04EC0-301F-11D3-BF4B-00C04F79EFBC}") = "Assembly-CSharp-Editor", "Assembly-CSharp-Editor.csproj", "{29F33000-B07A-D533-B3A0-7F22B4A2ED00}"
EndProject
Global
	GlobalSection(SolutionConfigurationPlatforms) = preSolution
		Debug|Any CPU = Debug|Any CPU
		Release|Any CPU = Release|Any CPU
	EndGlobalSection
	GlobalSection(ProjectConfigurationPlatforms) = postSolution
		{9FB34EF7-7666-3DE3-BDC9-51DC7A5875C1}.Debug|Any CPU.ActiveCfg = Debug|Any CPU
		{9FB34EF7-7666-3DE3-BDC9-51DC7A5875C1}.Debug|Any CPU.Build.0 = Debug|Any CPU
		{9FB34EF7-7666-3DE3-BDC9-51DC7A5875C1}.Release|Any CPU.ActiveCfg = Release|Any CPU
		{9FB34EF7-7666-3DE3-BDC9-51DC7A5875C1}.Release|Any CPU.Build.0 = Release|Any CPU
		{29F33000-B07A-D533-B3A0-7F22B4A2ED00}.Debug|Any CPU.ActiveCfg = Debug|Any CPU
		{29F33000-B07A-D533-B3A0-7F22B4A2ED00}.Debug|Any CPU.Build.0 = Debug|Any CPU
		{29F33000-B07A-D533-B3A0-7F22B4A2ED00}.Release|Any CPU.ActiveCfg = Release|Any CPU
		{29F33000-B07A-D533-B3A0-7F22B4A2ED00}.Release|Any CPU.Build.0 = Release|Any CPU
	EndGlobalSection
	GlobalSection(SolutionProperties) = preSolution
		HideSolutionNode = FALSE
	EndGlobalSection
	GlobalSection(MonoDevelopProperties) = preSolution
		StartupItem = Assembly-CSharp.csproj
	EndGlobalSection
EndGlobal
